// !$*UTF8*$!
{
	archiveVersion = 1;
	classes = {
	};
	objectVersion = 46;
	objects = {

/* Begin PBXBuildFile section */
		317E4687415EFAA842211126 /* Pods_SocialApp2.framework in Frameworks */ = {isa = PBXBuildFile; fileRef = 8772DECBC45F1C94FC95CD3B /* Pods_SocialApp2.framework */; };
		DB6D4E2D1EE6552D00E90CDF /* AppDelegate.swift in Sources */ = {isa = PBXBuildFile; fileRef = DB6D4E2C1EE6552D00E90CDF /* AppDelegate.swift */; };
		DB6D4E2F1EE6552D00E90CDF /* SignInVC.swift in Sources */ = {isa = PBXBuildFile; fileRef = DB6D4E2E1EE6552D00E90CDF /* SignInVC.swift */; };
		DB6D4E321EE6552D00E90CDF /* Main.storyboard in Resources */ = {isa = PBXBuildFile; fileRef = DB6D4E301EE6552D00E90CDF /* Main.storyboard */; };
		DB6D4E341EE6552D00E90CDF /* Assets.xcassets in Resources */ = {isa = PBXBuildFile; fileRef = DB6D4E331EE6552D00E90CDF /* Assets.xcassets */; };
		DB6D4E371EE6552D00E90CDF /* LaunchScreen.storyboard in Resources */ = {isa = PBXBuildFile; fileRef = DB6D4E351EE6552D00E90CDF /* LaunchScreen.storyboard */; };
		DB6D4E3F1EE655D500E90CDF /* GoogleService-Info.plist in Resources */ = {isa = PBXBuildFile; fileRef = DB6D4E3E1EE655D500E90CDF /* GoogleService-Info.plist */; };
		DB6D4E441EE66C1B00E90CDF /* fancyView.swift in Sources */ = {isa = PBXBuildFile; fileRef = DB6D4E431EE66C1B00E90CDF /* fancyView.swift */; };
		DB6D4E471EE66C8E00E90CDF /* File.swift in Sources */ = {isa = PBXBuildFile; fileRef = DB6D4E461EE66C8E00E90CDF /* File.swift */; };
		DB6D4E491EE66E9700E90CDF /* roundBtn.swift in Sources */ = {isa = PBXBuildFile; fileRef = DB6D4E481EE66E9700E90CDF /* roundBtn.swift */; };
		DB6D4E4D1EE672E600E90CDF /* fancyTextfield.swift in Sources */ = {isa = PBXBuildFile; fileRef = DB6D4E4C1EE672E600E90CDF /* fancyTextfield.swift */; };
		DB6D4E4F1EE673F700E90CDF /* signinBtn.swift in Sources */ = {isa = PBXBuildFile; fileRef = DB6D4E4E1EE673F700E90CDF /* signinBtn.swift */; };
/* End PBXBuildFile section */

/* Begin PBXFileReference section */
		0087B5BAC7826B258E60B771 /* Pods-SocialApp2.release.xcconfig */ = {isa = PBXFileReference; includeInIndex = 1; lastKnownFileType = text.xcconfig; name = "Pods-SocialApp2.release.xcconfig"; path = "Pods/Target Support Files/Pods-SocialApp2/Pods-SocialApp2.release.xcconfig"; sourceTree = "<group>"; };
		8772DECBC45F1C94FC95CD3B /* Pods_SocialApp2.framework */ = {isa = PBXFileReference; explicitFileType = wrapper.framework; includeInIndex = 0; path = Pods_SocialApp2.framework; sourceTree = BUILT_PRODUCTS_DIR; };
		DB6D4E291EE6552D00E90CDF /* SocialApp2.app */ = {isa = PBXFileReference; explicitFileType = wrapper.application; includeInIndex = 0; path = SocialApp2.app; sourceTree = BUILT_PRODUCTS_DIR; };
		DB6D4E2C1EE6552D00E90CDF /* AppDelegate.swift */ = {isa = PBXFileReference; lastKnownFileType = sourcecode.swift; path = AppDelegate.swift; sourceTree = "<group>"; };
		DB6D4E2E1EE6552D00E90CDF /* SignInVC.swift */ = {isa = PBXFileReference; lastKnownFileType = sourcecode.swift; path = SignInVC.swift; sourceTree = "<group>"; };
		DB6D4E311EE6552D00E90CDF /* Base */ = {isa = PBXFileReference; lastKnownFileType = file.storyboard; name = Base; path = Base.lproj/Main.storyboard; sourceTree = "<group>"; };
		DB6D4E331EE6552D00E90CDF /* Assets.xcassets */ = {isa = PBXFileReference; lastKnownFileType = folder.assetcatalog; path = Assets.xcassets; sourceTree = "<group>"; };
		DB6D4E361EE6552D00E90CDF /* Base */ = {isa = PBXFileReference; lastKnownFileType = file.storyboard; name = Base; path = Base.lproj/LaunchScreen.storyboard; sourceTree = "<group>"; };
		DB6D4E381EE6552D00E90CDF /* Info.plist */ = {isa = PBXFileReference; lastKnownFileType = text.plist.xml; path = Info.plist; sourceTree = "<group>"; };
		DB6D4E3E1EE655D500E90CDF /* GoogleService-Info.plist */ = {isa = PBXFileReference; fileEncoding = 4; lastKnownFileType = text.plist.xml; path = "GoogleService-Info.plist"; sourceTree = "<group>"; };
		DB6D4E431EE66C1B00E90CDF /* fancyView.swift */ = {isa = PBXFileReference; fileEncoding = 4; lastKnownFileType = sourcecode.swift; path = fancyView.swift; sourceTree = "<group>"; };
		DB6D4E461EE66C8E00E90CDF /* File.swift */ = {isa = PBXFileReference; fileEncoding = 4; lastKnownFileType = sourcecode.swift; path = File.swift; sourceTree = "<group>"; };
		DB6D4E481EE66E9700E90CDF /* roundBtn.swift */ = {isa = PBXFileReference; fileEncoding = 4; lastKnownFileType = sourcecode.swift; path = roundBtn.swift; sourceTree = "<group>"; };
		DB6D4E4C1EE672E600E90CDF /* fancyTextfield.swift */ = {isa = PBXFileReference; fileEncoding = 4; lastKnownFileType = sourcecode.swift; path = fancyTextfield.swift; sourceTree = "<group>"; };
		DB6D4E4E1EE673F700E90CDF /* signinBtn.swift */ = {isa = PBXFileReference; fileEncoding = 4; lastKnownFileType = sourcecode.swift; path = signinBtn.swift; sourceTree = "<group>"; };
		DB6D4E501EE688AE00E90CDF /* SocialApp2.entitlements */ = {isa = PBXFileReference; lastKnownFileType = text.plist.entitlements; path = SocialApp2.entitlements; sourceTree = "<group>"; };
		DBE128765892E8685428EC5F /* Pods-SocialApp2.debug.xcconfig */ = {isa = PBXFileReference; includeInIndex = 1; lastKnownFileType = text.xcconfig; name = "Pods-SocialApp2.debug.xcconfig"; path = "Pods/Target Support Files/Pods-SocialApp2/Pods-SocialApp2.debug.xcconfig"; sourceTree = "<group>"; };
/* End PBXFileReference section */

/* Begin PBXFrameworksBuildPhase section */
		DB6D4E261EE6552D00E90CDF /* Frameworks */ = {
			isa = PBXFrameworksBuildPhase;
			buildActionMask = 2147483647;
			files = (
				317E4687415EFAA842211126 /* Pods_SocialApp2.framework in Frameworks */,
			);
			runOnlyForDeploymentPostprocessing = 0;
		};
/* End PBXFrameworksBuildPhase section */

/* Begin PBXGroup section */
		621DA5F5FCF902A9572A2652 /* Pods */ = {
			isa = PBXGroup;
			children = (
				DBE128765892E8685428EC5F /* Pods-SocialApp2.debug.xcconfig */,
				0087B5BAC7826B258E60B771 /* Pods-SocialApp2.release.xcconfig */,
			);
			name = Pods;
			sourceTree = "<group>";
		};
		DB6D4E201EE6552D00E90CDF = {
			isa = PBXGroup;
			children = (
				DB6D4E2B1EE6552D00E90CDF /* SocialApp2 */,
				DB6D4E2A1EE6552D00E90CDF /* Products */,
				621DA5F5FCF902A9572A2652 /* Pods */,
				EBB9F8F7FEFD4BF1859080F9 /* Frameworks */,
			);
			sourceTree = "<group>";
		};
		DB6D4E2A1EE6552D00E90CDF /* Products */ = {
			isa = PBXGroup;
			children = (
				DB6D4E291EE6552D00E90CDF /* SocialApp2.app */,
			);
			name = Products;
			sourceTree = "<group>";
		};
		DB6D4E2B1EE6552D00E90CDF /* SocialApp2 */ = {
			isa = PBXGroup;
			children = (
				DB6D4E501EE688AE00E90CDF /* SocialApp2.entitlements */,
				DB6D4E451EE66C7B00E90CDF /* utilities */,
				DB6D4E421EE659AC00E90CDF /* controller */,
				DB6D4E411EE657D000E90CDF /* view */,
				DB6D4E401EE657C500E90CDF /* Model */,
				DB6D4E2C1EE6552D00E90CDF /* AppDelegate.swift */,
				DB6D4E301EE6552D00E90CDF /* Main.storyboard */,
				DB6D4E331EE6552D00E90CDF /* Assets.xcassets */,
				DB6D4E351EE6552D00E90CDF /* LaunchScreen.storyboard */,
				DB6D4E3E1EE655D500E90CDF /* GoogleService-Info.plist */,
				DB6D4E381EE6552D00E90CDF /* Info.plist */,
			);
			path = SocialApp2;
			sourceTree = "<group>";
		};
		DB6D4E401EE657C500E90CDF /* Model */ = {
			isa = PBXGroup;
			children = (
			);
			name = Model;
			sourceTree = "<group>";
		};
		DB6D4E411EE657D000E90CDF /* view */ = {
			isa = PBXGroup;
			children = (
				DB6D4E431EE66C1B00E90CDF /* fancyView.swift */,
				DB6D4E481EE66E9700E90CDF /* roundBtn.swift */,
				DB6D4E4C1EE672E600E90CDF /* fancyTextfield.swift */,
				DB6D4E4E1EE673F700E90CDF /* signinBtn.swift */,
			);
			name = view;
			sourceTree = "<group>";
		};
		DB6D4E421EE659AC00E90CDF /* controller */ = {
			isa = PBXGroup;
			children = (
				DB6D4E2E1EE6552D00E90CDF /* SignInVC.swift */,
			);
			name = controller;
			sourceTree = "<group>";
		};
		DB6D4E451EE66C7B00E90CDF /* utilities */ = {
			isa = PBXGroup;
			children = (
				DB6D4E461EE66C8E00E90CDF /* File.swift */,
			);
			name = utilities;
			sourceTree = "<group>";
		};
		EBB9F8F7FEFD4BF1859080F9 /* Frameworks */ = {
			isa = PBXGroup;
			children = (
				8772DECBC45F1C94FC95CD3B /* Pods_SocialApp2.framework */,
			);
			name = Frameworks;
			sourceTree = "<group>";
		};
/* End PBXGroup section */

/* Begin PBXNativeTarget section */
		DB6D4E281EE6552D00E90CDF /* SocialApp2 */ = {
			isa = PBXNativeTarget;
			buildConfigurationList = DB6D4E3B1EE6552D00E90CDF /* Build configuration list for PBXNativeTarget "SocialApp2" */;
			buildPhases = (
				C8F06265B75A43D15C08B022 /* [CP] Check Pods Manifest.lock */,
				DB6D4E251EE6552D00E90CDF /* Sources */,
				DB6D4E261EE6552D00E90CDF /* Frameworks */,
				DB6D4E271EE6552D00E90CDF /* Resources */,
				28356FD6E7C388DBB517DA09 /* [CP] Embed Pods Frameworks */,
				69951A52408B729CBA6C45E9 /* [CP] Copy Pods Resources */,
			);
			buildRules = (
			);
			dependencies = (
			);
			name = SocialApp2;
			productName = SocialApp2;
			productReference = DB6D4E291EE6552D00E90CDF /* SocialApp2.app */;
			productType = "com.apple.product-type.application";
		};
/* End PBXNativeTarget section */

/* Begin PBXProject section */
		DB6D4E211EE6552D00E90CDF /* Project object */ = {
			isa = PBXProject;
			attributes = {
				LastSwiftUpdateCheck = 0830;
				LastUpgradeCheck = 0830;
				ORGANIZATIONNAME = naren;
				TargetAttributes = {
					DB6D4E281EE6552D00E90CDF = {
						CreatedOnToolsVersion = 8.3.2;
						DevelopmentTeam = 78CY3WCY9D;
						ProvisioningStyle = Automatic;
						SystemCapabilities = {
							com.apple.Keychain = {
								enabled = 1;
							};
						};
					};
				};
			};
			buildConfigurationList = DB6D4E241EE6552D00E90CDF /* Build configuration list for PBXProject "SocialApp2" */;
			compatibilityVersion = "Xcode 3.2";
			developmentRegion = English;
			hasScannedForEncodings = 0;
			knownRegions = (
				en,
				Base,
			);
			mainGroup = DB6D4E201EE6552D00E90CDF;
			productRefGroup = DB6D4E2A1EE6552D00E90CDF /* Products */;
			projectDirPath = "";
			projectRoot = "";
			targets = (
				DB6D4E281EE6552D00E90CDF /* SocialApp2 */,
			);
		};
/* End PBXProject section */

/* Begin PBXResourcesBuildPhase section */
		DB6D4E271EE6552D00E90CDF /* Resources */ = {
			isa = PBXResourcesBuildPhase;
			buildActionMask = 2147483647;
			files = (
				DB6D4E371EE6552D00E90CDF /* LaunchScreen.storyboard in Resources */,
				DB6D4E3F1EE655D500E90CDF /* GoogleService-Info.plist in Resources */,
				DB6D4E341EE6552D00E90CDF /* Assets.xcassets in Resources */,
				DB6D4E321EE6552D00E90CDF /* Main.storyboard in Resources */,
			);
			runOnlyForDeploymentPostprocessing = 0;
		};
/* End PBXResourcesBuildPhase section */

/* Begin PBXShellScriptBuildPhase section */
		28356FD6E7C388DBB517DA09 /* [CP] Embed Pods Frameworks */ = {
			isa = PBXShellScriptBuildPhase;
			buildActionMask = 2147483647;
			files = (
			);
			inputPaths = (
			);
			name = "[CP] Embed Pods Frameworks";
			outputPaths = (
			);
			runOnlyForDeploymentPostprocessing = 0;
			shellPath = /bin/sh;
			shellScript = "\"${SRCROOT}/Pods/Target Support Files/Pods-SocialApp2/Pods-SocialApp2-frameworks.sh\"\n";
			showEnvVarsInLog = 0;
		};
		69951A52408B729CBA6C45E9 /* [CP] Copy Pods Resources */ = {
			isa = PBXShellScriptBuildPhase;
			buildActionMask = 2147483647;
			files = (
			);
			inputPaths = (
			);
			name = "[CP] Copy Pods Resources";
			outputPaths = (
			);
			runOnlyForDeploymentPostprocessing = 0;
			shellPath = /bin/sh;
			shellScript = "\"${SRCROOT}/Pods/Target Support Files/Pods-SocialApp2/Pods-SocialApp2-resources.sh\"\n";
			showEnvVarsInLog = 0;
		};
		C8F06265B75A43D15C08B022 /* [CP] Check Pods Manifest.lock */ = {
			isa = PBXShellScriptBuildPhase;
			buildActionMask = 2147483647;
			files = (
			);
			inputPaths = (
			);
			name = "[CP] Check Pods Manifest.lock";
			outputPaths = (
			);
			runOnlyForDeploymentPostprocessing = 0;
			shellPath = /bin/sh;
			shellScript = "diff \"${PODS_PODFILE_DIR_PATH}/Podfile.lock\" \"${PODS_ROOT}/Manifest.lock\" > /dev/null\nif [ $? != 0 ] ; then\n    # print error to STDERR\n    echo \"error: The sandbox is not in sync with the Podfile.lock. Run 'pod install' or update your CocoaPods installation.\" >&2\n    exit 1\nfi\n";
			showEnvVarsInLog = 0;
		};
/* End PBXShellScriptBuildPhase section */

/* Begin PBXSourcesBuildPhase section */
		DB6D4E251EE6552D00E90CDF /* Sources */ = {
			isa = PBXSourcesBuildPhase;
			buildActionMask = 2147483647;
			files = (
				DB6D4E441EE66C1B00E90CDF /* fancyView.swift in Sources */,
				DB6D4E4D1EE672E600E90CDF /* fancyTextfield.swift in Sources */,
				DB6D4E491EE66E9700E90CDF /* roundBtn.swift in Sources */,
				DB6D4E471EE66C8E00E90CDF /* File.swift in Sources */,
				DB6D4E2F1EE6552D00E90CDF /* SignInVC.swift in Sources */,
				DB6D4E4F1EE673F700E90CDF /* signinBtn.swift in Sources */,
				DB6D4E2D1EE6552D00E90CDF /* AppDelegate.swift in Sources */,
			);
			runOnlyForDeploymentPostprocessing = 0;
		};
/* End PBXSourcesBuildPhase section */

/* Begin PBXVariantGroup section */
		DB6D4E301EE6552D00E90CDF /* Main.storyboard */ = {
			isa = PBXVariantGroup;
			children = (
				DB6D4E311EE6552D00E90CDF /* Base */,
			);
			name = Main.storyboard;
			sourceTree = "<group>";
		};
		DB6D4E351EE6552D00E90CDF /* LaunchScreen.storyboard */ = {
			isa = PBXVariantGroup;
			children = (
				DB6D4E361EE6552D00E90CDF /* Base */,
			);
			name = LaunchScreen.storyboard;
			sourceTree = "<group>";
		};
/* End PBXVariantGroup section */

/* Begin XCBuildConfiguration section */
		DB6D4E391EE6552D00E90CDF /* Debug */ = {
			isa = XCBuildConfiguration;
			buildSettings = {
				ALWAYS_SEARCH_USER_PATHS = NO;
				CLANG_ANALYZER_NONNULL = YES;
				CLANG_ANALYZER_NUMBER_OBJECT_CONVERSION = YES_AGGRESSIVE;
				CLANG_CXX_LANGUAGE_STANDARD = "gnu++0x";
				CLANG_CXX_LIBRARY = "libc++";
				CLANG_ENABLE_MODULES = YES;
				CLANG_ENABLE_OBJC_ARC = YES;
				CLANG_WARN_BOOL_CONVERSION = YES;
				CLANG_WARN_CONSTANT_CONVERSION = YES;
				CLANG_WARN_DIRECT_OBJC_ISA_USAGE = YES_ERROR;
				CLANG_WARN_DOCUMENTATION_COMMENTS = YES;
				CLANG_WARN_EMPTY_BODY = YES;
				CLANG_WARN_ENUM_CONVERSION = YES;
				CLANG_WARN_INFINITE_RECURSION = YES;
				CLANG_WARN_INT_CONVERSION = YES;
				CLANG_WARN_OBJC_ROOT_CLASS = YES_ERROR;
				CLANG_WARN_SUSPICIOUS_MOVE = YES;
				CLANG_WARN_UNREACHABLE_CODE = YES;
				CLANG_WARN__DUPLICATE_METHOD_MATCH = YES;
				"CODE_SIGN_IDENTITY[sdk=iphoneos*]" = "iPhone Developer";
				COPY_PHASE_STRIP = NO;
				DEBUG_INFORMATION_FORMAT = dwarf;
				ENABLE_STRICT_OBJC_MSGSEND = YES;
				ENABLE_TESTABILITY = YES;
				GCC_C_LANGUAGE_STANDARD = gnu99;
				GCC_DYNAMIC_NO_PIC = NO;
				GCC_NO_COMMON_BLOCKS = YES;
				GCC_OPTIMIZATION_LEVEL = 0;
				GCC_PREPROCESSOR_DEFINITIONS = (
					"DEBUG=1",
					"$(inherited)",
				);
				GCC_WARN_64_TO_32_BIT_CONVERSION = YES;
				GCC_WARN_ABOUT_RETURN_TYPE = YES_ERROR;
				GCC_WARN_UNDECLARED_SELECTOR = YES;
				GCC_WARN_UNINITIALIZED_AUTOS = YES_AGGRESSIVE;
				GCC_WARN_UNUSED_FUNCTION = YES;
				GCC_WARN_UNUSED_VARIABLE = YES;
				IPHONEOS_DEPLOYMENT_TARGET = 10.3;
				MTL_ENABLE_DEBUG_INFO = YES;
				ONLY_ACTIVE_ARCH = YES;
				SDKROOT = iphoneos;
				SWIFT_ACTIVE_COMPILATION_CONDITIONS = DEBUG;
				SWIFT_OPTIMIZATION_LEVEL = "-Onone";
			};
			name = Debug;
		};
		DB6D4E3A1EE6552D00E90CDF /* Release */ = {
			isa = XCBuildConfiguration;
			buildSettings = {
				ALWAYS_SEARCH_USER_PATHS = NO;
				CLANG_ANALYZER_NONNULL = YES;
				CLANG_ANALYZER_NUMBER_OBJECT_CONVERSION = YES_AGGRESSIVE;
				CLANG_CXX_LANGUAGE_STANDARD = "gnu++0x";
				CLANG_CXX_LIBRARY = "libc++";
				CLANG_ENABLE_MODULES = YES;
				CLANG_ENABLE_OBJC_ARC = YES;
				CLANG_WARN_BOOL_CONVERSION = YES;
				CLANG_WARN_CONSTANT_CONVERSION = YES;
				CLANG_WARN_DIRECT_OBJC_ISA_USAGE = YES_ERROR;
				CLANG_WARN_DOCUMENTATION_COMMENTS = YES;
				CLANG_WARN_EMPTY_BODY = YES;
				CLANG_WARN_ENUM_CONVERSION = YES;
				CLANG_WARN_INFINITE_RECURSION = YES;
				CLANG_WARN_INT_CONVERSION = YES;
				CLANG_WARN_OBJC_ROOT_CLASS = YES_ERROR;
				CLANG_WARN_SUSPICIOUS_MOVE = YES;
				CLANG_WARN_UNREACHABLE_CODE = YES;
				CLANG_WARN__DUPLICATE_METHOD_MATCH = YES;
				"CODE_SIGN_IDENTITY[sdk=iphoneos*]" = "iPhone Developer";
				COPY_PHASE_STRIP = NO;
				DEBUG_INFORMATION_FORMAT = "dwarf-with-dsym";
				ENABLE_NS_ASSERTIONS = NO;
				ENABLE_STRICT_OBJC_MSGSEND = YES;
				GCC_C_LANGUAGE_STANDARD = gnu99;
				GCC_NO_COMMON_BLOCKS = YES;
				GCC_WARN_64_TO_32_BIT_CONVERSION = YES;
				GCC_WARN_ABOUT_RETURN_TYPE = YES_ERROR;
				GCC_WARN_UNDECLARED_SELECTOR = YES;
				GCC_WARN_UNINITIALIZED_AUTOS = YES_AGGRESSIVE;
				GCC_WARN_UNUSED_FUNCTION = YES;
				GCC_WARN_UNUSED_VARIABLE = YES;
				IPHONEOS_DEPLOYMENT_TARGET = 10.3;
				MTL_ENABLE_DEBUG_INFO = NO;
				SDKROOT = iphoneos;
				SWIFT_OPTIMIZATION_LEVEL = "-Owholemodule";
				VALIDATE_PRODUCT = YES;
			};
			name = Release;
		};
		DB6D4E3C1EE6552D00E90CDF /* Debug */ = {
			isa = XCBuildConfiguration;
			baseConfigurationReference = DBE128765892E8685428EC5F /* Pods-SocialApp2.debug.xcconfig */;
			buildSettings = {
				ASSETCATALOG_COMPILER_APPICON_NAME = AppIcon;
				CODE_SIGN_ENTITLEMENTS = SocialApp2/SocialApp2.entitlements;
				DEVELOPMENT_TEAM = 78CY3WCY9D;
				INFOPLIST_FILE = SocialApp2/Info.plist;
				LD_RUNPATH_SEARCH_PATHS = "$(inherited) @executable_path/Frameworks";
				PRODUCT_BUNDLE_IDENTIFIER = com.naren.SocialApp2;
				PRODUCT_NAME = "$(TARGET_NAME)";
				SWIFT_VERSION = 3.0;
			};
			name = Debug;
		};
		DB6D4E3D1EE6552D00E90CDF /* Release */ = {
			isa = XCBuildConfiguration;
			baseConfigurationReference = 0087B5BAC7826B258E60B771 /* Pods-SocialApp2.release.xcconfig */;
			buildSettings = {
				ASSETCATALOG_COMPILER_APPICON_NAME = AppIcon;
				CODE_SIGN_ENTITLEMENTS = SocialApp2/SocialApp2.entitlements;
				DEVELOPMENT_TEAM = 78CY3WCY9D;
				INFOPLIST_FILE = SocialApp2/Info.plist;
				LD_RUNPATH_SEARCH_PATHS = "$(inherited) @executable_path/Frameworks";
				PRODUCT_BUNDLE_IDENTIFIER = com.naren.SocialApp2;
				PRODUCT_NAME = "$(TARGET_NAME)";
				SWIFT_VERSION = 3.0;
			};
			name = Release;
		};
/* End XCBuildConfiguration section */

/* Begin XCConfigurationList section */
		DB6D4E241EE6552D00E90CDF /* Build configuration list for PBXProject "SocialApp2" */ = {
			isa = XCConfigurationList;
			buildConfigurations = (
				DB6D4E391EE6552D00E90CDF /* Debug */,
				DB6D4E3A1EE6552D00E90CDF /* Release */,
			);
			defaultConfigurationIsVisible = 0;
			defaultConfigurationName = Release;
		};
		DB6D4E3B1EE6552D00E90CDF /* Build configuration list for PBXNativeTarget "SocialApp2" */ = {
			isa = XCConfigurationList;
			buildConfigurations = (
				DB6D4E3C1EE6552D00E90CDF /* Debug */,
				DB6D4E3D1EE6552D00E90CDF /* Release */,
			);
			defaultConfigurationIsVisible = 0;
			defaultConfigurationName = Release;
		};
/* End XCConfigurationList section */
	};
	rootObject = DB6D4E211EE6552D00E90CDF /* Project object */;
}
